
Microsoft Visual Studio Solution File, Format Version 12.00
# Visual Studio Version 17
VisualStudioVersion = 17.4.33205.214
MinimumVisualStudioVersion = 10.0.40219.1
Project("{9A19103F-16F7-4668-BE54-9A1E7A4F7556}") = "IndoorCampfires", "IndoorCampfires.csproj", "{C6AAD637-3C6C-4595-882A-57E01006F0BF}"
EndProject
Global
	GlobalSection(SolutionConfigurationPlatforms) = preSolution
		Debug|Any CPU = Debug|Any CPU
		Release|Any CPU = Release|Any CPU
	EndGlobalSection
	GlobalSection(ProjectConfigurationPlatforms) = postSolution
		{C6AAD637-3C6C-4595-882A-57E01006F0BF}.Debug|Any CPU.ActiveCfg = Debug|Any CPU
		{C6AAD637-3C6C-4595-882A-57E01006F0BF}.Debug|Any CPU.Build.0 = Debug|Any CPU
		{C6AAD637-3C6C-4595-882A-57E01006F0BF}.Release|Any CPU.ActiveCfg = Release|Any CPU
		{C6AAD637-3C6C-4595-882A-57E01006F0BF}.Release|Any CPU.Build.0 = Release|Any CPU
	EndGlobalSection
	GlobalSection(SolutionProperties) = preSolution
		HideSolutionNode = FALSE
	EndGlobalSection
	GlobalSection(ExtensibilityGlobals) = postSolution
		SolutionGuid = {B0EAE49A-019C-402B-9E52-5FA55690A80C}
	EndGlobalSection
EndGlobal
